
Microsoft Visual Studio Solution File, Format Version 12.00
# Visual Studio Version 16
VisualStudioVersion = 16.0.31605.320
MinimumVisualStudioVersion = 10.0.40219.1
Project("{FAE04EC0-301F-11D3-BF4B-00C04F79EFBC}") = "e", "QuanLiHocPhan\e.csproj", "{4A2D6CA7-75F6-447B-B3AB-E0291698F2C9}"
EndProject
Global
	GlobalSection(SolutionConfigurationPlatforms) = preSolution
		Debug|Any CPU = Debug|Any CPU
		Release|Any CPU = Release|Any CPU
	EndGlobalSection
	GlobalSection(ProjectConfigurationPlatforms) = postSolution
		{4A2D6CA7-75F6-447B-B3AB-E0291698F2C9}.Debug|Any CPU.ActiveCfg = Debug|Any CPU
		{4A2D6CA7-75F6-447B-B3AB-E0291698F2C9}.Debug|Any CPU.Build.0 = Debug|Any CPU
		{4A2D6CA7-75F6-447B-B3AB-E0291698F2C9}.Release|Any CPU.ActiveCfg = Release|Any CPU
		{4A2D6CA7-75F6-447B-B3AB-E0291698F2C9}.Release|Any CPU.Build.0 = Release|Any CPU
	EndGlobalSection
	GlobalSection(SolutionProperties) = preSolution
		HideSolutionNode = FALSE
	EndGlobalSection
	GlobalSection(ExtensibilityGlobals) = postSolution
		SolutionGuid = {2A6C156F-9AE1-4EF4-85EA-65B84BEAFC9B}
	EndGlobalSection
EndGlobal
